Microsoft Visual Studio Solution File, Format Version 12.00
# Visual Studio 2012
Project("{FAE04EC0-301F-11D3-BF4B-00C04F79EFBC}") = "Penguins VS Alien", "Penguins VS Alien.csproj", "{FDE8F5C2-5C49-45DB-AD84-07047B2AAE99}"
EndProject
Global
	GlobalSection(SolutionConfigurationPlatforms) = preSolution
	Debug|Any CPU = Debug|Any CPU
	ExportDebug|Any CPU = ExportDebug|Any CPU
	ExportRelease|Any CPU = ExportRelease|Any CPU
	EndGlobalSection
	GlobalSection(ProjectConfigurationPlatforms) = postSolution
		{FDE8F5C2-5C49-45DB-AD84-07047B2AAE99}.Debug|Any CPU.ActiveCfg = Debug|Any CPU
		{FDE8F5C2-5C49-45DB-AD84-07047B2AAE99}.Debug|Any CPU.Build.0 = Debug|Any CPU
		{FDE8F5C2-5C49-45DB-AD84-07047B2AAE99}.ExportDebug|Any CPU.ActiveCfg = ExportDebug|Any CPU
		{FDE8F5C2-5C49-45DB-AD84-07047B2AAE99}.ExportDebug|Any CPU.Build.0 = ExportDebug|Any CPU
		{FDE8F5C2-5C49-45DB-AD84-07047B2AAE99}.ExportRelease|Any CPU.ActiveCfg = ExportRelease|Any CPU
		{FDE8F5C2-5C49-45DB-AD84-07047B2AAE99}.ExportRelease|Any CPU.Build.0 = ExportRelease|Any CPU
	EndGlobalSection
EndGlobal
